
Microsoft Visual Studio Solution File, Format Version 12.00
# Visual Studio Version 17
VisualStudioVersion = 17.5.33530.505
MinimumVisualStudioVersion = 10.0.40219.1
Project("{9A19103F-16F7-4668-BE54-9A1E7A4F7556}") = "reveal-sql-server", "reveal-sql-server.csproj", "{1569E756-4581-474E-893A-56C56A7B57AD}"
EndProject
Global
	GlobalSection(SolutionConfigurationPlatforms) = preSolution
		Debug|x64 = Debug|x64
		Release|x64 = Release|x64
	EndGlobalSection
	GlobalSection(ProjectConfigurationPlatforms) = postSolution
		{1569E756-4581-474E-893A-56C56A7B57AD}.Debug|x64.ActiveCfg = Debug|x64
		{1569E756-4581-474E-893A-56C56A7B57AD}.Debug|x64.Build.0 = Debug|x64
		{1569E756-4581-474E-893A-56C56A7B57AD}.Release|x64.ActiveCfg = Release|Any CPU
		{1569E756-4581-474E-893A-56C56A7B57AD}.Release|x64.Build.0 = Release|Any CPU
	EndGlobalSection
	GlobalSection(SolutionProperties) = preSolution
		HideSolutionNode = FALSE
	EndGlobalSection
	GlobalSection(ExtensibilityGlobals) = postSolution
		SolutionGuid = {4B435B90-43AC-4E45-9236-CA963BEE0B68}
	EndGlobalSection
EndGlobal
